
Microsoft Visual Studio Solution File, Format Version 12.00
# Visual Studio 15
VisualStudioVersion = 15.0.26124.0
MinimumVisualStudioVersion = 15.0.26124.0
Project("{FAE04EC0-301F-11D3-BF4B-00C04F79EFBC}") = "ActionUI", "ActionUI\ActionUI.csproj", "{9465EA51-E98D-4DE2-978B-3A88E35ABA2E}"
EndProject
Project("{FAE04EC0-301F-11D3-BF4B-00C04F79EFBC}") = "ActionModels", "ActionModels\ActionModels.csproj", "{DE0E84D1-45B6-42C3-A43B-7024B869EE2B}"
EndProject
Global
	GlobalSection(SolutionConfigurationPlatforms) = preSolution
		Debug|Any CPU = Debug|Any CPU
		Debug|x64 = Debug|x64
		Debug|x86 = Debug|x86
		Release|Any CPU = Release|Any CPU
		Release|x64 = Release|x64
		Release|x86 = Release|x86
	EndGlobalSection
	GlobalSection(SolutionProperties) = preSolution
		HideSolutionNode = FALSE
	EndGlobalSection
	GlobalSection(ProjectConfigurationPlatforms) = postSolution
		{9465EA51-E98D-4DE2-978B-3A88E35ABA2E}.Debug|Any CPU.ActiveCfg = Debug|Any CPU
		{9465EA51-E98D-4DE2-978B-3A88E35ABA2E}.Debug|Any CPU.Build.0 = Debug|Any CPU
		{9465EA51-E98D-4DE2-978B-3A88E35ABA2E}.Debug|x64.ActiveCfg = Debug|Any CPU
		{9465EA51-E98D-4DE2-978B-3A88E35ABA2E}.Debug|x64.Build.0 = Debug|Any CPU
		{9465EA51-E98D-4DE2-978B-3A88E35ABA2E}.Debug|x86.ActiveCfg = Debug|Any CPU
		{9465EA51-E98D-4DE2-978B-3A88E35ABA2E}.Debug|x86.Build.0 = Debug|Any CPU
		{9465EA51-E98D-4DE2-978B-3A88E35ABA2E}.Release|Any CPU.ActiveCfg = Release|Any CPU
		{9465EA51-E98D-4DE2-978B-3A88E35ABA2E}.Release|Any CPU.Build.0 = Release|Any CPU
		{9465EA51-E98D-4DE2-978B-3A88E35ABA2E}.Release|x64.ActiveCfg = Release|Any CPU
		{9465EA51-E98D-4DE2-978B-3A88E35ABA2E}.Release|x64.Build.0 = Release|Any CPU
		{9465EA51-E98D-4DE2-978B-3A88E35ABA2E}.Release|x86.ActiveCfg = Release|Any CPU
		{9465EA51-E98D-4DE2-978B-3A88E35ABA2E}.Release|x86.Build.0 = Release|Any CPU
		{DE0E84D1-45B6-42C3-A43B-7024B869EE2B}.Debug|Any CPU.ActiveCfg = Debug|Any CPU
		{DE0E84D1-45B6-42C3-A43B-7024B869EE2B}.Debug|Any CPU.Build.0 = Debug|Any CPU
		{DE0E84D1-45B6-42C3-A43B-7024B869EE2B}.Debug|x64.ActiveCfg = Debug|Any CPU
		{DE0E84D1-45B6-42C3-A43B-7024B869EE2B}.Debug|x64.Build.0 = Debug|Any CPU
		{DE0E84D1-45B6-42C3-A43B-7024B869EE2B}.Debug|x86.ActiveCfg = Debug|Any CPU
		{DE0E84D1-45B6-42C3-A43B-7024B869EE2B}.Debug|x86.Build.0 = Debug|Any CPU
		{DE0E84D1-45B6-42C3-A43B-7024B869EE2B}.Release|Any CPU.ActiveCfg = Release|Any CPU
		{DE0E84D1-45B6-42C3-A43B-7024B869EE2B}.Release|Any CPU.Build.0 = Release|Any CPU
		{DE0E84D1-45B6-42C3-A43B-7024B869EE2B}.Release|x64.ActiveCfg = Release|Any CPU
		{DE0E84D1-45B6-42C3-A43B-7024B869EE2B}.Release|x64.Build.0 = Release|Any CPU
		{DE0E84D1-45B6-42C3-A43B-7024B869EE2B}.Release|x86.ActiveCfg = Release|Any CPU
		{DE0E84D1-45B6-42C3-A43B-7024B869EE2B}.Release|x86.Build.0 = Release|Any CPU
	EndGlobalSection
EndGlobal
